PODS:
  - audio_session (0.0.1):
    - Flutter
  - cloud_firestore (3.1.14):
    - Firebase/Firestore (= 8.0.0)
    - firebase_core
    - Flutter
  - Firebase/Auth (8.0.0):
    - Firebase/CoreOnly
    - FirebaseAuth (~> 8.0.0)
  - Firebase/CoreOnly (8.0.0):
    - FirebaseCore (= 8.0.0)
  - Firebase/Firestore (8.0.0):
    - Firebase/CoreOnly
    - FirebaseFirestore (~> 8.0.0)
  - Firebase/Messaging (8.0.0):
    - Firebase/CoreOnly
    - FirebaseMessaging (~> 8.0.0)
  - firebase_auth (3.3.17):
    - Firebase/Auth (= 8.0.0)
    - firebase_core
    - Flutter
  - firebase_core (1.16.0):
    - Firebase/CoreOnly (= 8.0.0)
    - Flutter
  - firebase_messaging (11.3.0):
    - Firebase/Messaging (= 8.0.0)
    - firebase_core
    - Flutter
  - FirebaseAuth (8.0.0):
    - FirebaseCore (~> 8.0)
    - GoogleUtilities/AppDelegateSwizzler (~> 7.4)
    - GoogleUtilities/Environment (~> 7.4)
    - GTMSessionFetcher/Core (~> 1.5)
  - FirebaseCore (8.0.0):
    - FirebaseCoreDiagnostics (~> 8.0)
    - GoogleUtilities/Environment (~> 7.4)
    - GoogleUtilities/Logger (~> 7.4)
  - FirebaseCoreDiagnostics (8.15.0):
    - GoogleDataTransport (~> 9.1)
    - GoogleUtilities/Environment (~> 7.7)
    - GoogleUtilities/Logger (~> 7.7)
    - nanopb (~> 2.30908.0)
  - FirebaseFirestore (8.0.0):
    - FirebaseFirestore/AutodetectLeveldb (= 8.0.0)
  - FirebaseFirestore/AutodetectLeveldb (8.0.0):
    - FirebaseFirestore/Base
    - FirebaseFirestore/WithLeveldb
  - FirebaseFirestore/Base (8.0.0)
  - FirebaseFirestore/WithLeveldb (8.0.0):
    - FirebaseFirestore/Base
  - FirebaseInstallations (8.15.0):
    - FirebaseCore (~> 8.0)
    - GoogleUtilities/Environment (~> 7.7)
    - GoogleUtilities/UserDefaults (~> 7.7)
    - PromisesObjC (< 3.0, >= 1.2)
  - FirebaseMessaging (8.0.0):
    - FirebaseCore (~> 8.0)
    - FirebaseInstallations (~> 8.0)
    - GoogleUtilities/AppDelegateSwizzler (~> 7.4)
    - GoogleUtilities/Environment (~> 7.4)
    - GoogleUtilities/Reachability (~> 7.4)
    - GoogleUtilities/UserDefaults (~> 7.4)
  - Flutter (1.0.0)
  - flutter_sound (9.2.10):
    - Flutter
    - flutter_sound_core (= 9.2.10)
  - flutter_sound_core (9.2.10)
  - FMDB (2.7.5):
    - FMDB/standard (= 2.7.5)
  - FMDB/standard (2.7.5)
  - GoogleDataTransport (9.1.4):
    - GoogleUtilities/Environment (~> 7.7)
    - nanopb (< 2.30910.0, >= 2.30908.0)
    - PromisesObjC (< 3.0, >= 1.2)
  - GoogleUtilities/AppDelegateSwizzler (7.7.0):
    - GoogleUtilities/Environment
    - GoogleUtilities/Logger
    - GoogleUtilities/Network
  - GoogleUtilities/Environment (7.7.0):
    - PromisesObjC (< 3.0, >= 1.2)
  - GoogleUtilities/Logger (7.7.0):
    - GoogleUtilities/Environment
  - GoogleUtilities/Network (7.7.0):
    - GoogleUtilities/Logger
    - "GoogleUtilities/NSData+zlib"
    - GoogleUtilities/Reachability
  - "GoogleUtilities/NSData+zlib (7.7.0)"
  - GoogleUtilities/Reachability (7.7.0):
    - GoogleUtilities/Logger
  - GoogleUtilities/UserDefaults (7.7.0):
    - GoogleUtilities/Logger
  - GTMSessionFetcher/Core (1.7.2)
  - image_picker_ios (0.0.1):
    - Flutter
  - nanopb (2.30908.0):
    - nanopb/decode (= 2.30908.0)
    - nanopb/encode (= 2.30908.0)
  - nanopb/decode (2.30908.0)
  - nanopb/encode (2.30908.0)
  - path_provider_ios (0.0.1):
    - Flutter
  - permission_handler_apple (9.0.4):
    - Flutter
  - PromisesObjC (2.1.0)
  - share_plus (0.0.1):
    - Flutter
  - shared_preferences_ios (0.0.1):
    - Flutter
  - sqflite (0.0.2):
    - Flutter
    - FMDB (>= 2.7.5)
  - url_launcher_ios (0.0.1):
    - Flutter
  - vibration (1.7.4-nullsafety.0):
    - Flutter

DEPENDENCIES:
  - audio_session (from `.symlinks/plugins/audio_session/ios`)
  - cloud_firestore (from `.symlinks/plugins/cloud_firestore/ios`)
  - firebase_auth (from `.symlinks/plugins/firebase_auth/ios`)
  - firebase_core (from `.symlinks/plugins/firebase_core/ios`)
  - firebase_messaging (from `.symlinks/plugins/firebase_messaging/ios`)
  - FirebaseFirestore (from `https://github.com/invertase/firestore-ios-sdk-frameworks.git`, tag `8.0.0`)
  - Flutter (from `Flutter`)
  - flutter_sound (from `.symlinks/plugins/flutter_sound/ios`)
  - image_picker_ios (from `.symlinks/plugins/image_picker_ios/ios`)
  - path_provider_ios (from `.symlinks/plugins/path_provider_ios/ios`)
  - permission_handler_apple (from `.symlinks/plugins/permission_handler_apple/ios`)
  - share_plus (from `.symlinks/plugins/share_plus/ios`)
  - shared_preferences_ios (from `.symlinks/plugins/shared_preferences_ios/ios`)
  - sqflite (from `.symlinks/plugins/sqflite/ios`)
  - url_launcher_ios (from `.symlinks/plugins/url_launcher_ios/ios`)
  - vibration (from `.symlinks/plugins/vibration/ios`)

SPEC REPOS:
  trunk:
    - Firebase
    - FirebaseAuth
    - FirebaseCore
    - FirebaseCoreDiagnostics
    - FirebaseInstallations
    - FirebaseMessaging
    - flutter_sound_core
    - FMDB
    - GoogleDataTransport
    - GoogleUtilities
    - GTMSessionFetcher
    - nanopb
    - PromisesObjC

EXTERNAL SOURCES:
  audio_session:
    :path: ".symlinks/plugins/audio_session/ios"
  cloud_firestore:
    :path: ".symlinks/plugins/cloud_firestore/ios"
  firebase_auth:
    :path: ".symlinks/plugins/firebase_auth/ios"
  firebase_core:
    :path: ".symlinks/plugins/firebase_core/ios"
  firebase_messaging:
    :path: ".symlinks/plugins/firebase_messaging/ios"
  FirebaseFirestore:
    :git: https://github.com/invertase/firestore-ios-sdk-frameworks.git
    :tag: 8.0.0
  Flutter:
    :path: Flutter
  flutter_sound:
    :path: ".symlinks/plugins/flutter_sound/ios"
  image_picker_ios:
    :path: ".symlinks/plugins/image_picker_ios/ios"
  path_provider_ios:
    :path: ".symlinks/plugins/path_provider_ios/ios"
  permission_handler_apple:
    :path: ".symlinks/plugins/permission_handler_apple/ios"
  share_plus:
    :path: ".symlinks/plugins/share_plus/ios"
  shared_preferences_ios:
    :path: ".symlinks/plugins/shared_preferences_ios/ios"
  sqflite:
    :path: ".symlinks/plugins/sqflite/ios"
  url_launcher_ios:
    :path: ".symlinks/plugins/url_launcher_ios/ios"
  vibration:
    :path: ".symlinks/plugins/vibration/ios"

CHECKOUT OPTIONS:
  FirebaseFirestore:
    :git: https://github.com/invertase/firestore-ios-sdk-frameworks.git
    :tag: 8.0.0

SPEC CHECKSUMS:
  audio_session: 4f3e461722055d21515cf3261b64c973c062f345
  cloud_firestore: 3c8bddc792a4622644b0195b0566019967e58aa4
  Firebase: 73c3e3b216ec1ecbc54d2ffdd4670c65c749edb1
  firebase_auth: 15251d235501164bc4fda30da23209502de13c49
  firebase_core: 73633f199e8b432e8d2a597422860f180d266d7a
  firebase_messaging: 3bd939f88ed8f6a2b77158d5d416def012b261a8
  FirebaseAuth: b8cd992fca5b53dc6eec09e873a3f375f000c5a1
  FirebaseCore: 3f09591d51292843e2a46f18358d60bf4e996255
  FirebaseCoreDiagnostics: 92e07a649aeb66352b319d43bdd2ee3942af84cb
  FirebaseFirestore: 0d1548ab6085002d87c173ce3f881129f39b3565
  FirebaseInstallations: 40bd9054049b2eae9a2c38ef1c3dd213df3605cd
  FirebaseMessaging: 1a33b4af3c8042ed6ddacb6c031894af2064bfab
  Flutter: 50d75fe2f02b26cc09d224853bb45737f8b3214a
  flutter_sound: d6fafb8f9a3155c07c9194ada3401dc8e45c1bfb
  flutter_sound_core: b89f0ea7601d13d57ecfd42d3b2fa47261810cad
  FMDB: 2ce00b547f966261cd18927a3ddb07cb6f3db82a
  GoogleDataTransport: 5fffe35792f8b96ec8d6775f5eccd83c998d5a3b
  GoogleUtilities: e0913149f6b0625b553d70dae12b49fc62914fd1
  GTMSessionFetcher: 5595ec75acf5be50814f81e9189490412bad82ba
  image_picker_ios: b786a5dcf033a8336a657191401bfdf12017dabb
  nanopb: a0ba3315591a9ae0a16a309ee504766e90db0c96
  path_provider_ios: 14f3d2fd28c4fdb42f44e0f751d12861c43cee02
  permission_handler_apple: 44366e37eaf29454a1e7b1b7d736c2cceaeb17ce
  PromisesObjC: 99b6f43f9e1044bd87a95a60beff28c2c44ddb72
  share_plus: 056a1e8ac890df3e33cb503afffaf1e9b4fbae68
  shared_preferences_ios: 548a61f8053b9b8a49ac19c1ffbc8b92c50d68ad
  sqflite: 6d358c025f5b867b29ed92fc697fd34924e11904
  url_launcher_ios: 839c58cdb4279282219f5e248c3321761ff3c4de
  vibration: 1ec279c4a1a7a646627b54039d812334b3f1114a

PODFILE CHECKSUM: 1f0a04e177928d006a22146eff014eb88a331843

COCOAPODS: 1.11.2
